<?xml version="1.0" encoding="utf-8"?>
<Project ToolsVersion="4.0" xmlns="http://schemas.microsoft.com/developer/msbuild/2003">
  <ItemGroup>
    <Filter Include="Source Files">
      <UniqueIdentifier>{4FC737F1-C7A5-4376-A061-3FDB1F7B4E64}</UniqueIdentifier>
      <Extensions>cpp;c;cc;cxx;c++;cppm;ixx;def;odl;idl;hpj;bat;asm;asmx</Extensions>
    </Filter>
    <Filter Include="Header Files">
      <UniqueIdentifier>{93995380-89BD-4B04-88EB-625FBE52EBFB}</UniqueIdentifier>
      <Extensions>h;hh;hpp;hxx;h++;hm;inl;inc;ipp;xsd</Extensions>
    </Filter>
    <Filter Include="Resource Files">
      <UniqueIdentifier>{67DA6AB6-F800-4C08-8B7A-83BB121AAD01}</UniqueIdentifier>
      <Extensions>rc;ico;cur;bmp;dlg;rc2;rct;bin;rgs;gif;jpg;jpeg;jpe;resx;tiff;tif;png;wav;mfcribbon-ms</Extensions>
    </Filter>
    <Filter Include="Source Files\IO">
      <UniqueIdentifier>{A1B2C3D4-0001-0001-0001-000000000001}</UniqueIdentifier>
    </Filter>
    <Filter Include="Source Files\Math">
      <UniqueIdentifier>{A1B2C3D4-0001-0001-0001-000000000002}</UniqueIdentifier>
    </Filter>
    <Filter Include="Header Files\IO">
      <UniqueIdentifier>{A1B2C3D4-0001-0001-0001-000000000003}</UniqueIdentifier>
    </Filter>
    <Filter Include="Header Files\Math">
      <UniqueIdentifier>{A1B2C3D4-0001-0001-0001-000000000004}</UniqueIdentifier>
    </Filter>
    <Filter Include="Header Files\WindL">
      <UniqueIdentifier>{A1B2C3D4-0001-0001-0001-000000000007}</UniqueIdentifier>
    </Filter>
    <Filter Include="Source Files\WindL">
      <UniqueIdentifier>{A1B2C3D4-0001-0001-0001-000000000008}</UniqueIdentifier>
    </Filter>
  </ItemGroup>
  <ItemGroup>
    <ClCompile Include="..\src\main.cpp">
      <Filter>Source Files</Filter>
    </ClCompile>
    <ClCompile Include="..\src\IO\LogHelper.cpp">
      <Filter>Source Files\IO</Filter>
    </ClCompile>
    <ClCompile Include="..\src\IO\BinaryFileHandler.cpp">
      <Filter>Source Files\IO</Filter>
    </ClCompile>
    <ClCompile Include="..\src\IO\MSExcel.cpp">
      <Filter>Source Files\IO</Filter>
    </ClCompile>
    <ClCompile Include="..\src\IO\Outfile.cpp">
      <Filter>Source Files\IO</Filter>
    </ClCompile>
    <ClCompile Include="..\src\Math\FrequenceHelper.cpp">
      <Filter>Source Files\Math</Filter>
    </ClCompile>
    <ClCompile Include="..\src\Math\IntegrationHelper.cpp">
      <Filter>Source Files\Math</Filter>
    </ClCompile>
    <ClCompile Include="..\src\Math\LinearAlgebraHelper.cpp">
      <Filter>Source Files\Math</Filter>
    </ClCompile>
    <ClCompile Include="..\src\Math\Vec3.cpp">
      <Filter>Source Files\Math</Filter>
    </ClCompile>
    <ClCompile Include="..\src\Math\Vec3f.cpp">
      <Filter>Source Files\Math</Filter>
    </ClCompile>
    <ClCompile Include="..\src\WindL\SimWind.cpp">
      <Filter>Source Files\WindL</Filter>
    </ClCompile>
  </ItemGroup>
  <ItemGroup>
    <ClInclude Include="..\src\IO\Outfile.h">
      <Filter>Header Files\IO</Filter>
    </ClInclude>
    <ClInclude Include="..\src\IO\MSExcel.h">
      <Filter>Header Files\IO</Filter>
    </ClInclude>
    <ClInclude Include="..\src\IO\BinaryFileHandler.h">
      <Filter>Header Files\IO</Filter>
    </ClInclude>
    <ClInclude Include="..\src\IO\IOutFile.h">
      <Filter>Header Files\IO</Filter>
    </ClInclude>
    <ClInclude Include="..\src\IO\ILog.h">
      <Filter>Header Files\IO</Filter>
    </ClInclude>
    <ClInclude Include="..\src\IO\LogHelper.h">
      <Filter>Header Files\IO</Filter>
    </ClInclude>
    <ClInclude Include="..\src\IO\Serializer.hpp">
      <Filter>Header Files\IO</Filter>
    </ClInclude>
    <ClInclude Include="..\src\IO\Yaml.hpp">
      <Filter>Header Files\IO</Filter>
    </ClInclude>
    <ClInclude Include="..\src\WindL\WindL_Type.hpp">
      <Filter>Header Files\WindL</Filter>
    </ClInclude>
    <ClInclude Include="..\src\WindL\SimWind.hpp">
      <Filter>Header Files\WindL</Filter>
    </ClInclude>
    <ClInclude Include="..\src\WindL\IO\WindL_IO_Subs.hpp">
      <Filter>Header Files\WindL</Filter>
    </ClInclude>
    <ClInclude Include="..\src\Params.h">
      <Filter>Header Files</Filter>
    </ClInclude>
    <ClInclude Include="..\src\Math\IntegrationHelper.h">
      <Filter>Header Files\Math</Filter>
    </ClInclude>
    <ClInclude Include="..\src\Math\Vec3.h">
      <Filter>Header Files\Math</Filter>
    </ClInclude>
    <ClInclude Include="..\src\Math\LinearAlgebraHelper.h">
      <Filter>Header Files\Math</Filter>
    </ClInclude>
    <ClInclude Include="..\src\Math\Quaternion.h">
      <Filter>Header Files\Math</Filter>
    </ClInclude>
    <ClInclude Include="..\src\Math\Vec3f.h">
      <Filter>Header Files\Math</Filter>
    </ClInclude>
    <ClInclude Include="..\src\Math\FrequenceHelper.h">
      <Filter>Header Files\Math</Filter>
    </ClInclude>
    <ClInclude Include="..\src\version.h">
      <Filter>Header Files</Filter>
    </ClInclude>
    <ClInclude Include="..\..\HawtC3\src\IO\IO\BinaryFileHandler.h">
      <Filter>Header Files\IO</Filter>
    </ClInclude>
    <ClInclude Include="..\..\HawtC3\src\IO\IO\CheckError.h">
      <Filter>Header Files\IO</Filter>
    </ClInclude>
    <ClInclude Include="..\..\HawtC3\src\IO\IO\Extensions.h">
      <Filter>Header Files\IO</Filter>
    </ClInclude>
    <ClInclude Include="..\..\HawtC3\src\IO\IO\FileParser.h">
      <Filter>Header Files\IO</Filter>
    </ClInclude>
    <ClInclude Include="..\..\HawtC3\src\IO\IO\magic_enum.hpp">
      <Filter>Header Files\IO</Filter>
    </ClInclude>
    <ClInclude Include="..\..\HawtC3\src\IO\IO\MSExcel.h">
      <Filter>Header Files\IO</Filter>
    </ClInclude>
    <ClInclude Include="..\..\HawtC3\src\IO\IO\OtherHelper.h">
      <Filter>Header Files\IO</Filter>
    </ClInclude>
    <ClInclude Include="..\..\HawtC3\src\IO\IO\Outfile.h">
      <Filter>Header Files\IO</Filter>
    </ClInclude>
    <ClInclude Include="..\..\HawtC3\src\IO\IO\PhysicalParameters.h">
      <Filter>Header Files\IO</Filter>
    </ClInclude>
    <ClInclude Include="..\..\HawtC3\src\IO\IO\StringHelper.h">
      <Filter>Header Files\IO</Filter>
    </ClInclude>
    <ClInclude Include="..\..\HawtC3\src\IO\IO\TimesHelper.h">
      <Filter>Header Files\IO</Filter>
    </ClInclude>
  </ItemGroup>
  <ItemGroup>
    <ResourceCompile Include="..\resources\Qahse.rc">
      <Filter>Resource Files</Filter>
    </ResourceCompile>
  </ItemGroup>
</Project>
