<?xml version="1.0" encoding="utf-8"?>
<Project ToolsVersion="4.0" xmlns="http://schemas.microsoft.com/developer/msbuild/2003">
  <ItemGroup>
    <Filter Include="Source Files">
      <UniqueIdentifier>{4FC737F1-C7A5-4376-A061-3FDB1F7B4E64}</UniqueIdentifier>
      <Extensions>cpp;c;cc;cxx;c++;cppm;ixx;def;odl;idl;hpj;bat;asm;asmx</Extensions>
    </Filter>
    <Filter Include="Header Files">
      <UniqueIdentifier>{93995380-89BD-4B04-88EB-625FBE52EBFB}</UniqueIdentifier>
      <Extensions>h;hh;hpp;hxx;h++;hm;inl;inc;ipp;xsd</Extensions>
    </Filter>
    <Filter Include="Source Files\IO">
      <UniqueIdentifier>{B1C2D3E4-0001-0001-0001-000000000001}</UniqueIdentifier>
    </Filter>
    <Filter Include="Source Files\Math">
      <UniqueIdentifier>{B1C2D3E4-0001-0001-0001-000000000002}</UniqueIdentifier>
    </Filter>
    <Filter Include="Source Files\WindL">
      <UniqueIdentifier>{B1C2D3E4-0001-0001-0001-000000000004}</UniqueIdentifier>
    </Filter>
    <Filter Include="Header Files\IO">
      <UniqueIdentifier>{B1C2D3E4-0001-0001-0001-000000000005}</UniqueIdentifier>
    </Filter>
    <Filter Include="Header Files\Math">
      <UniqueIdentifier>{B1C2D3E4-0001-0001-0001-000000000006}</UniqueIdentifier>
    </Filter>
    <Filter Include="Header Files\WindL">
      <UniqueIdentifier>{B1C2D3E4-0001-0001-0001-000000000008}</UniqueIdentifier>
    </Filter>
  </ItemGroup>
  <ItemGroup>
    <ClCompile Include="..\Test\test_main.cpp">
      <Filter>Source Files</Filter>
    </ClCompile>
    <ClCompile Include="..\src\IO\LogHelper.cpp">
      <Filter>Source Files\IO</Filter>
    </ClCompile>
    <ClCompile Include="..\src\IO\BinaryFileHandler.cpp">
      <Filter>Source Files\IO</Filter>
    </ClCompile>
    <ClCompile Include="..\src\IO\MSExcel.cpp">
      <Filter>Source Files\IO</Filter>
    </ClCompile>
    <ClCompile Include="..\src\IO\Outfile.cpp">
      <Filter>Source Files\IO</Filter>
    </ClCompile>
    <ClCompile Include="..\src\Math\Vec3.cpp">
      <Filter>Source Files\Math</Filter>
    </ClCompile>
    <ClCompile Include="..\src\Math\Vec3f.cpp">
      <Filter>Source Files\Math</Filter>
    </ClCompile>
    <ClCompile Include="..\src\Math\IntegrationHelper.cpp">
      <Filter>Source Files\Math</Filter>
    </ClCompile>
    <ClCompile Include="..\src\Math\LinearAlgebraHelper.cpp">
      <Filter>Source Files\Math</Filter>
    </ClCompile>
    <ClCompile Include="..\src\Math\FrequenceHelper.cpp">
      <Filter>Source Files\Math</Filter>
    </ClCompile>
    <ClCompile Include="..\Test\IO\ZStringEnumTests.cpp">
      <Filter>Source Files</Filter>
    </ClCompile>
    <ClCompile Include="..\Test\IO\ZStringConvertTests.cpp">
      <Filter>Source Files</Filter>
    </ClCompile>
    <ClCompile Include="..\Test\IO\ZFileTests.cpp">
      <Filter>Source Files</Filter>
    </ClCompile>
    <ClCompile Include="..\Test\IO\ZFileComprehensiveTests.cpp">
      <Filter>Source Files</Filter>
    </ClCompile>
    <ClCompile Include="..\Test\IO\ZStringComprehensiveTests.cpp">
      <Filter>Source Files</Filter>
    </ClCompile>
    <ClCompile Include="..\Test\IO\ZPathTests.cpp">
      <Filter>Source Files</Filter>
    </ClCompile>
    <ClCompile Include="..\Test\IO\OtherHelperTests.cpp">
      <Filter>Source Files</Filter>
    </ClCompile>
    <ClCompile Include="..\Test\IO\BinaryFileHandlerTests.cpp">
      <Filter>Source Files</Filter>
    </ClCompile>
    <ClCompile Include="..\Test\IO\MSExcelTests.cpp">
      <Filter>Source Files</Filter>
    </ClCompile>
    <ClCompile Include="..\Test\IO\OutfileTests.cpp">
      <Filter>Source Files</Filter>
    </ClCompile>
    <ClCompile Include="..\Test\IO\YamlTests.cpp">
      <Filter>Source Files</Filter>
    </ClCompile>
    <ClCompile Include="..\Test\WindL\WindLIOTests.cpp">
      <Filter>Source Files\WindL</Filter>
    </ClCompile>
    <ClCompile Include="..\Test\WindL\SimWindTests.cpp">
      <Filter>Source Files\WindL</Filter>
    </ClCompile>
    <ClCompile Include="..\Test\Math\MathHelperTests.cpp">
      <Filter>Source Files</Filter>
    </ClCompile>
    <ClCompile Include="..\Test\Math\Vec3QuaternionTests.cpp">
      <Filter>Source Files</Filter>
    </ClCompile>
    <ClCompile Include="..\Test\Math\LinearAlgebraHelperTests.cpp">
      <Filter>Source Files</Filter>
    </ClCompile>
    <ClCompile Include="..\src\WindL\SimWind.cpp">
      <Filter>Source Files\WindL</Filter>
    </ClCompile>
  </ItemGroup>
  <ItemGroup>
    <ClInclude Include="..\src\IO\Outfile.h">
      <Filter>Header Files\IO</Filter>
    </ClInclude>
    <ClInclude Include="..\src\IO\MSExcel.h">
      <Filter>Header Files\IO</Filter>
    </ClInclude>
    <ClInclude Include="..\src\IO\BinaryFileHandler.h">
      <Filter>Header Files\IO</Filter>
    </ClInclude>
    <ClInclude Include="..\src\IO\IOutFile.h">
      <Filter>Header Files\IO</Filter>
    </ClInclude>
    <ClInclude Include="..\src\IO\ILog.h">
      <Filter>Header Files\IO</Filter>
    </ClInclude>
    <ClInclude Include="..\src\IO\LogHelper.h">
      <Filter>Header Files\IO</Filter>
    </ClInclude>
    <ClInclude Include="..\src\IO\Serializer.hpp">
      <Filter>Header Files\IO</Filter>
    </ClInclude>
    <ClInclude Include="..\src\IO\Yaml.hpp">
      <Filter>Header Files\IO</Filter>
    </ClInclude>
    <ClInclude Include="..\src\WindL\WindL_Type.hpp">
      <Filter>Header Files\WindL</Filter>
    </ClInclude>
    <ClInclude Include="..\src\WindL\SimWind.hpp">
      <Filter>Header Files\WindL</Filter>
    </ClInclude>
    <ClInclude Include="..\src\WindL\IO\WindL_IO_Subs.hpp">
      <Filter>Header Files\WindL</Filter>
    </ClInclude>
    <ClInclude Include="..\src\Params.h">
      <Filter>Header Files</Filter>
    </ClInclude>
    <ClInclude Include="..\src\Math\IntegrationHelper.h">
      <Filter>Header Files\Math</Filter>
    </ClInclude>
    <ClInclude Include="..\src\Math\Vec3.h">
      <Filter>Header Files\Math</Filter>
    </ClInclude>
    <ClInclude Include="..\src\Math\LinearAlgebraHelper.h">
      <Filter>Header Files\Math</Filter>
    </ClInclude>
    <ClInclude Include="..\src\Math\Quaternion.h">
      <Filter>Header Files\Math</Filter>
    </ClInclude>
    <ClInclude Include="..\src\Math\Vec3f.h">
      <Filter>Header Files\Math</Filter>
    </ClInclude>
    <ClInclude Include="..\src\Math\FrequenceHelper.h">
      <Filter>Header Files\Math</Filter>
    </ClInclude>
    <ClInclude Include="..\src\version.h">
      <Filter>Header Files</Filter>
    </ClInclude>
  </ItemGroup>
</Project>